
Microsoft Visual Studio Solution File, Format Version 12.00
# Visual Studio Version 17
VisualStudioVersion = 17.11.35327.3
MinimumVisualStudioVersion = 10.0.40219.1
Project("{FAE04EC0-301F-11D3-BF4B-00C04F79EFBC}") = "CRUD.Empleados.Extrados.API", "CRUD.Empleados.Extrados.API\CRUD.Empleados.Extrados.API.csproj", "{4034641B-2B98-401D-B32F-0887086CC932}"
EndProject
Project("{FAE04EC0-301F-11D3-BF4B-00C04F79EFBC}") = "CRUD.Empleados.Extrados.Data", "CRUD.Empleados.Extrados.Data\CRUD.Empleados.Extrados.Data.csproj", "{DB290DE5-601F-4004-93FD-F2E270051DCD}"
EndProject
Project("{FAE04EC0-301F-11D3-BF4B-00C04F79EFBC}") = "CRUD.Empleados.Extrados.Services", "CRUD.Empleados.Extrados.Services\CRUD.Empleados.Extrados.Services.csproj", "{C87D3A5B-C68C-4DC1-A935-67DF31E252F5}"
EndProject
Project("{FAE04EC0-301F-11D3-BF4B-00C04F79EFBC}") = "CRUD.Empleados.Extrados.Entities", "CRUD.Empleados.Extrados.Entities\CRUD.Empleados.Extrados.Entities.csproj", "{1C0FB507-4C4B-47A8-B11A-0D60107B5AA6}"
EndProject
Project("{FAE04EC0-301F-11D3-BF4B-00C04F79EFBC}") = "CRUD.Empleados.Extrados.Common", "CRUD.Empleados.Extrados.Common\CRUD.Empleados.Extrados.Common.csproj", "{6ADF88F3-EE2D-4DF5-BB72-C263695BF902}"
EndProject
Global
	GlobalSection(SolutionConfigurationPlatforms) = preSolution
		Debug|Any CPU = Debug|Any CPU
		Release|Any CPU = Release|Any CPU
	EndGlobalSection
	GlobalSection(ProjectConfigurationPlatforms) = postSolution
		{4034641B-2B98-401D-B32F-0887086CC932}.Debug|Any CPU.ActiveCfg = Debug|Any CPU
		{4034641B-2B98-401D-B32F-0887086CC932}.Debug|Any CPU.Build.0 = Debug|Any CPU
		{4034641B-2B98-401D-B32F-0887086CC932}.Release|Any CPU.ActiveCfg = Release|Any CPU
		{4034641B-2B98-401D-B32F-0887086CC932}.Release|Any CPU.Build.0 = Release|Any CPU
		{DB290DE5-601F-4004-93FD-F2E270051DCD}.Debug|Any CPU.ActiveCfg = Debug|Any CPU
		{DB290DE5-601F-4004-93FD-F2E270051DCD}.Debug|Any CPU.Build.0 = Debug|Any CPU
		{DB290DE5-601F-4004-93FD-F2E270051DCD}.Release|Any CPU.ActiveCfg = Release|Any CPU
		{DB290DE5-601F-4004-93FD-F2E270051DCD}.Release|Any CPU.Build.0 = Release|Any CPU
		{C87D3A5B-C68C-4DC1-A935-67DF31E252F5}.Debug|Any CPU.ActiveCfg = Debug|Any CPU
		{C87D3A5B-C68C-4DC1-A935-67DF31E252F5}.Debug|Any CPU.Build.0 = Debug|Any CPU
		{C87D3A5B-C68C-4DC1-A935-67DF31E252F5}.Release|Any CPU.ActiveCfg = Release|Any CPU
		{C87D3A5B-C68C-4DC1-A935-67DF31E252F5}.Release|Any CPU.Build.0 = Release|Any CPU
		{1C0FB507-4C4B-47A8-B11A-0D60107B5AA6}.Debug|Any CPU.ActiveCfg = Debug|Any CPU
		{1C0FB507-4C4B-47A8-B11A-0D60107B5AA6}.Debug|Any CPU.Build.0 = Debug|Any CPU
		{1C0FB507-4C4B-47A8-B11A-0D60107B5AA6}.Release|Any CPU.ActiveCfg = Release|Any CPU
		{1C0FB507-4C4B-47A8-B11A-0D60107B5AA6}.Release|Any CPU.Build.0 = Release|Any CPU
		{6ADF88F3-EE2D-4DF5-BB72-C263695BF902}.Debug|Any CPU.ActiveCfg = Debug|Any CPU
		{6ADF88F3-EE2D-4DF5-BB72-C263695BF902}.Debug|Any CPU.Build.0 = Debug|Any CPU
		{6ADF88F3-EE2D-4DF5-BB72-C263695BF902}.Release|Any CPU.ActiveCfg = Release|Any CPU
		{6ADF88F3-EE2D-4DF5-BB72-C263695BF902}.Release|Any CPU.Build.0 = Release|Any CPU
	EndGlobalSection
	GlobalSection(SolutionProperties) = preSolution
		HideSolutionNode = FALSE
	EndGlobalSection
	GlobalSection(ExtensibilityGlobals) = postSolution
		SolutionGuid = {9F05FF58-672B-42D8-B2D1-817EFB57E2AB}
	EndGlobalSection
EndGlobal
